
Microsoft Visual Studio Solution File, Format Version 12.00
# Visual Studio Version 17
VisualStudioVersion = 17.11.35327.3
MinimumVisualStudioVersion = 10.0.40219.1
Project("{FAE04EC0-301F-11D3-BF4B-00C04F79EFBC}") = "book-collection-manager", "book-collection-manager\book-collection-manager.csproj", "{90D770A3-A851-422F-A88F-04265A591EEE}"
EndProject
Global
	GlobalSection(SolutionConfigurationPlatforms) = preSolution
		Debug|Any CPU = Debug|Any CPU
		Release|Any CPU = Release|Any CPU
	EndGlobalSection
	GlobalSection(ProjectConfigurationPlatforms) = postSolution
		{90D770A3-A851-422F-A88F-04265A591EEE}.Debug|Any CPU.ActiveCfg = Debug|Any CPU
		{90D770A3-A851-422F-A88F-04265A591EEE}.Debug|Any CPU.Build.0 = Debug|Any CPU
		{90D770A3-A851-422F-A88F-04265A591EEE}.Release|Any CPU.ActiveCfg = Release|Any CPU
		{90D770A3-A851-422F-A88F-04265A591EEE}.Release|Any CPU.Build.0 = Release|Any CPU
	EndGlobalSection
	GlobalSection(SolutionProperties) = preSolution
		HideSolutionNode = FALSE
	EndGlobalSection
	GlobalSection(ExtensibilityGlobals) = postSolution
		SolutionGuid = {856855EA-9DC0-4CAE-B76C-A7241D52207F}
	EndGlobalSection
EndGlobal
